
Microsoft Visual Studio Solution File, Format Version 12.00
# Visual Studio Version 16
VisualStudioVersion = 16.0.31727.386
MinimumVisualStudioVersion = 10.0.40219.1
Project("{FAE04EC0-301F-11D3-BF4B-00C04F79EFBC}") = "КурсовикПопытка2", "КурсовикПопытка2\КурсовикПопытка2.csproj", "{9B3CF595-2922-4879-9B8F-28056B79C2DA}"
EndProject
Project("{FAE04EC0-301F-11D3-BF4B-00C04F79EFBC}") = "ClassLibrary2", "ClassLibrary2\ClassLibrary2.csproj", "{3FEE88BC-76CA-4DCC-A6E3-ABA16DD2C200}"
EndProject
Global
	GlobalSection(SolutionConfigurationPlatforms) = preSolution
		Debug|Any CPU = Debug|Any CPU
		Release|Any CPU = Release|Any CPU
	EndGlobalSection
	GlobalSection(ProjectConfigurationPlatforms) = postSolution
		{9B3CF595-2922-4879-9B8F-28056B79C2DA}.Debug|Any CPU.ActiveCfg = Debug|Any CPU
		{9B3CF595-2922-4879-9B8F-28056B79C2DA}.Debug|Any CPU.Build.0 = Debug|Any CPU
		{9B3CF595-2922-4879-9B8F-28056B79C2DA}.Release|Any CPU.ActiveCfg = Release|Any CPU
		{9B3CF595-2922-4879-9B8F-28056B79C2DA}.Release|Any CPU.Build.0 = Release|Any CPU
		{3FEE88BC-76CA-4DCC-A6E3-ABA16DD2C200}.Debug|Any CPU.ActiveCfg = Debug|Any CPU
		{3FEE88BC-76CA-4DCC-A6E3-ABA16DD2C200}.Debug|Any CPU.Build.0 = Debug|Any CPU
		{3FEE88BC-76CA-4DCC-A6E3-ABA16DD2C200}.Release|Any CPU.ActiveCfg = Release|Any CPU
		{3FEE88BC-76CA-4DCC-A6E3-ABA16DD2C200}.Release|Any CPU.Build.0 = Release|Any CPU
	EndGlobalSection
	GlobalSection(SolutionProperties) = preSolution
		HideSolutionNode = FALSE
	EndGlobalSection
	GlobalSection(ExtensibilityGlobals) = postSolution
		SolutionGuid = {275E0F99-8007-472B-8C0E-C2A2C63928EC}
	EndGlobalSection
EndGlobal
